
Microsoft Visual Studio Solution File, Format Version 12.00
# Visual Studio Version 17
VisualStudioVersion = 17.0.31912.275
MinimumVisualStudioVersion = 10.0.40219.1
Project("{9A19103F-16F7-4668-BE54-9A1E7A4F7556}") = "Strategies", "Strategies\Strategies.csproj", "{C3E3868B-988B-4AE7-9258-DC14C7D7AF4A}"
EndProject
Project("{9A19103F-16F7-4668-BE54-9A1E7A4F7556}") = "Core", "Core\Core.csproj", "{AD452C09-AF8D-4E41-BDD9-60D44D00EE5C}"
EndProject
Project("{9A19103F-16F7-4668-BE54-9A1E7A4F7556}") = "TradingConcepts", "BasicConcepts\TradingConcepts.csproj", "{863AA5C1-1CF5-42B0-98B1-AFBE1728AE1A}"
EndProject
Project("{2150E333-8FDC-42A3-9474-1A3956D46DE8}") = "Connectors", "Connectors", "{02EB15A2-5F25-40D2-89A9-DBCCC7DD3470}"
EndProject
Project("{2150E333-8FDC-42A3-9474-1A3956D46DE8}") = "Quik", "Quik", "{DA3B4651-999E-440F-AA0F-BD83C842296F}"
EndProject
Project("{8BC9CEB8-8B4A-11D0-8D11-00A0C91BC942}") = "ClrBootstrap", "Connectors\Quik\ClrBootstrap\ClrBootstrap.vcxproj", "{B3B6A1CC-D614-47DF-8A1F-D9AA5224B108}"
EndProject
Project("{8BC9CEB8-8B4A-11D0-8D11-00A0C91BC942}") = "NativeToManagedProxy", "Connectors\Quik\NativeToManagedProxy\NativeToManagedProxy.vcxproj", "{EF27322F-29E7-436E-A37E-D8C857FC9687}"
EndProject
Project("{9A19103F-16F7-4668-BE54-9A1E7A4F7556}") = "Quik", "Connectors\Quik\QuikLuaApiWrapper\Quik.csproj", "{0AD1E47C-F4CF-477E-A3F5-C3AF4B66FB8C}"
EndProject
Project("{2150E333-8FDC-42A3-9474-1A3956D46DE8}") = "Tests", "Tests", "{33076292-419D-4078-A26B-EF08F16DB261}"
EndProject
Project("{9A19103F-16F7-4668-BE54-9A1E7A4F7556}") = "QuikLuaWrapperTests", "QuikLuaWrapperTests\QuikLuaWrapperTests.csproj", "{F068987A-A862-46D5-9FE9-EABFF3C4F2FD}"
EndProject
Project("{9A19103F-16F7-4668-BE54-9A1E7A4F7556}") = "Tools", "Tools\Tools.csproj", "{4EAA9D5C-FFD5-4257-8134-8F61B24D9320}"
EndProject
Project("{2150E333-8FDC-42A3-9474-1A3956D46DE8}") = "Services", "Services", "{81601984-6F25-409B-AB97-B524B6573867}"
EndProject
Project("{FAE04EC0-301F-11D3-BF4B-00C04F79EFBC}") = "AppComponents", "AppComponents\AppComponents.csproj", "{6A354424-8FB8-4D9B-9A37-9DF3A882D675}"
EndProject
Global
	GlobalSection(SolutionConfigurationPlatforms) = preSolution
		Debug|Any CPU = Debug|Any CPU
		Debug|x64 = Debug|x64
		Debug|x86 = Debug|x86
		Release|Any CPU = Release|Any CPU
		Release|x64 = Release|x64
		Release|x86 = Release|x86
	EndGlobalSection
	GlobalSection(ProjectConfigurationPlatforms) = postSolution
		{C3E3868B-988B-4AE7-9258-DC14C7D7AF4A}.Debug|Any CPU.ActiveCfg = Debug|Any CPU
		{C3E3868B-988B-4AE7-9258-DC14C7D7AF4A}.Debug|Any CPU.Build.0 = Debug|Any CPU
		{C3E3868B-988B-4AE7-9258-DC14C7D7AF4A}.Debug|x64.ActiveCfg = Debug|x64
		{C3E3868B-988B-4AE7-9258-DC14C7D7AF4A}.Debug|x64.Build.0 = Debug|x64
		{C3E3868B-988B-4AE7-9258-DC14C7D7AF4A}.Debug|x86.ActiveCfg = Debug|Any CPU
		{C3E3868B-988B-4AE7-9258-DC14C7D7AF4A}.Debug|x86.Build.0 = Debug|Any CPU
		{C3E3868B-988B-4AE7-9258-DC14C7D7AF4A}.Release|Any CPU.ActiveCfg = Release|Any CPU
		{C3E3868B-988B-4AE7-9258-DC14C7D7AF4A}.Release|Any CPU.Build.0 = Release|Any CPU
		{C3E3868B-988B-4AE7-9258-DC14C7D7AF4A}.Release|x64.ActiveCfg = Release|Any CPU
		{C3E3868B-988B-4AE7-9258-DC14C7D7AF4A}.Release|x64.Build.0 = Release|Any CPU
		{C3E3868B-988B-4AE7-9258-DC14C7D7AF4A}.Release|x86.ActiveCfg = Release|Any CPU
		{C3E3868B-988B-4AE7-9258-DC14C7D7AF4A}.Release|x86.Build.0 = Release|Any CPU
		{AD452C09-AF8D-4E41-BDD9-60D44D00EE5C}.Debug|Any CPU.ActiveCfg = Debug|Any CPU
		{AD452C09-AF8D-4E41-BDD9-60D44D00EE5C}.Debug|Any CPU.Build.0 = Debug|Any CPU
		{AD452C09-AF8D-4E41-BDD9-60D44D00EE5C}.Debug|x64.ActiveCfg = Debug|x64
		{AD452C09-AF8D-4E41-BDD9-60D44D00EE5C}.Debug|x64.Build.0 = Debug|x64
		{AD452C09-AF8D-4E41-BDD9-60D44D00EE5C}.Debug|x86.ActiveCfg = Debug|Any CPU
		{AD452C09-AF8D-4E41-BDD9-60D44D00EE5C}.Debug|x86.Build.0 = Debug|Any CPU
		{AD452C09-AF8D-4E41-BDD9-60D44D00EE5C}.Release|Any CPU.ActiveCfg = Release|Any CPU
		{AD452C09-AF8D-4E41-BDD9-60D44D00EE5C}.Release|Any CPU.Build.0 = Release|Any CPU
		{AD452C09-AF8D-4E41-BDD9-60D44D00EE5C}.Release|x64.ActiveCfg = Release|Any CPU
		{AD452C09-AF8D-4E41-BDD9-60D44D00EE5C}.Release|x64.Build.0 = Release|Any CPU
		{AD452C09-AF8D-4E41-BDD9-60D44D00EE5C}.Release|x86.ActiveCfg = Release|Any CPU
		{AD452C09-AF8D-4E41-BDD9-60D44D00EE5C}.Release|x86.Build.0 = Release|Any CPU
		{863AA5C1-1CF5-42B0-98B1-AFBE1728AE1A}.Debug|Any CPU.ActiveCfg = Debug|Any CPU
		{863AA5C1-1CF5-42B0-98B1-AFBE1728AE1A}.Debug|Any CPU.Build.0 = Debug|Any CPU
		{863AA5C1-1CF5-42B0-98B1-AFBE1728AE1A}.Debug|x64.ActiveCfg = Debug|x64
		{863AA5C1-1CF5-42B0-98B1-AFBE1728AE1A}.Debug|x64.Build.0 = Debug|x64
		{863AA5C1-1CF5-42B0-98B1-AFBE1728AE1A}.Debug|x86.ActiveCfg = Debug|Any CPU
		{863AA5C1-1CF5-42B0-98B1-AFBE1728AE1A}.Debug|x86.Build.0 = Debug|Any CPU
		{863AA5C1-1CF5-42B0-98B1-AFBE1728AE1A}.Release|Any CPU.ActiveCfg = Release|Any CPU
		{863AA5C1-1CF5-42B0-98B1-AFBE1728AE1A}.Release|Any CPU.Build.0 = Release|Any CPU
		{863AA5C1-1CF5-42B0-98B1-AFBE1728AE1A}.Release|x64.ActiveCfg = Release|Any CPU
		{863AA5C1-1CF5-42B0-98B1-AFBE1728AE1A}.Release|x64.Build.0 = Release|Any CPU
		{863AA5C1-1CF5-42B0-98B1-AFBE1728AE1A}.Release|x86.ActiveCfg = Release|Any CPU
		{863AA5C1-1CF5-42B0-98B1-AFBE1728AE1A}.Release|x86.Build.0 = Release|Any CPU
		{B3B6A1CC-D614-47DF-8A1F-D9AA5224B108}.Debug|Any CPU.ActiveCfg = Debug|x64
		{B3B6A1CC-D614-47DF-8A1F-D9AA5224B108}.Debug|Any CPU.Build.0 = Debug|x64
		{B3B6A1CC-D614-47DF-8A1F-D9AA5224B108}.Debug|x64.ActiveCfg = Debug|x64
		{B3B6A1CC-D614-47DF-8A1F-D9AA5224B108}.Debug|x64.Build.0 = Debug|x64
		{B3B6A1CC-D614-47DF-8A1F-D9AA5224B108}.Debug|x86.ActiveCfg = Debug|Win32
		{B3B6A1CC-D614-47DF-8A1F-D9AA5224B108}.Debug|x86.Build.0 = Debug|Win32
		{B3B6A1CC-D614-47DF-8A1F-D9AA5224B108}.Release|Any CPU.ActiveCfg = Release|x64
		{B3B6A1CC-D614-47DF-8A1F-D9AA5224B108}.Release|Any CPU.Build.0 = Release|x64
		{B3B6A1CC-D614-47DF-8A1F-D9AA5224B108}.Release|x64.ActiveCfg = Release|x64
		{B3B6A1CC-D614-47DF-8A1F-D9AA5224B108}.Release|x64.Build.0 = Release|x64
		{B3B6A1CC-D614-47DF-8A1F-D9AA5224B108}.Release|x86.ActiveCfg = Release|Win32
		{B3B6A1CC-D614-47DF-8A1F-D9AA5224B108}.Release|x86.Build.0 = Release|Win32
		{EF27322F-29E7-436E-A37E-D8C857FC9687}.Debug|Any CPU.ActiveCfg = Debug|x64
		{EF27322F-29E7-436E-A37E-D8C857FC9687}.Debug|Any CPU.Build.0 = Debug|x64
		{EF27322F-29E7-436E-A37E-D8C857FC9687}.Debug|x64.ActiveCfg = Debug|x64
		{EF27322F-29E7-436E-A37E-D8C857FC9687}.Debug|x64.Build.0 = Debug|x64
		{EF27322F-29E7-436E-A37E-D8C857FC9687}.Debug|x86.ActiveCfg = Debug|Win32
		{EF27322F-29E7-436E-A37E-D8C857FC9687}.Debug|x86.Build.0 = Debug|Win32
		{EF27322F-29E7-436E-A37E-D8C857FC9687}.Release|Any CPU.ActiveCfg = Release|x64
		{EF27322F-29E7-436E-A37E-D8C857FC9687}.Release|Any CPU.Build.0 = Release|x64
		{EF27322F-29E7-436E-A37E-D8C857FC9687}.Release|x64.ActiveCfg = Release|x64
		{EF27322F-29E7-436E-A37E-D8C857FC9687}.Release|x64.Build.0 = Release|x64
		{EF27322F-29E7-436E-A37E-D8C857FC9687}.Release|x86.ActiveCfg = Release|Win32
		{EF27322F-29E7-436E-A37E-D8C857FC9687}.Release|x86.Build.0 = Release|Win32
		{0AD1E47C-F4CF-477E-A3F5-C3AF4B66FB8C}.Debug|Any CPU.ActiveCfg = Debug|x64
		{0AD1E47C-F4CF-477E-A3F5-C3AF4B66FB8C}.Debug|Any CPU.Build.0 = Debug|x64
		{0AD1E47C-F4CF-477E-A3F5-C3AF4B66FB8C}.Debug|x64.ActiveCfg = Debug|x64
		{0AD1E47C-F4CF-477E-A3F5-C3AF4B66FB8C}.Debug|x64.Build.0 = Debug|x64
		{0AD1E47C-F4CF-477E-A3F5-C3AF4B66FB8C}.Debug|x86.ActiveCfg = Debug|x64
		{0AD1E47C-F4CF-477E-A3F5-C3AF4B66FB8C}.Debug|x86.Build.0 = Debug|x64
		{0AD1E47C-F4CF-477E-A3F5-C3AF4B66FB8C}.Release|Any CPU.ActiveCfg = Release|x64
		{0AD1E47C-F4CF-477E-A3F5-C3AF4B66FB8C}.Release|Any CPU.Build.0 = Release|x64
		{0AD1E47C-F4CF-477E-A3F5-C3AF4B66FB8C}.Release|x64.ActiveCfg = Release|x64
		{0AD1E47C-F4CF-477E-A3F5-C3AF4B66FB8C}.Release|x64.Build.0 = Release|x64
		{0AD1E47C-F4CF-477E-A3F5-C3AF4B66FB8C}.Release|x86.ActiveCfg = Release|x64
		{0AD1E47C-F4CF-477E-A3F5-C3AF4B66FB8C}.Release|x86.Build.0 = Release|x64
		{F068987A-A862-46D5-9FE9-EABFF3C4F2FD}.Debug|Any CPU.ActiveCfg = Debug|Any CPU
		{F068987A-A862-46D5-9FE9-EABFF3C4F2FD}.Debug|Any CPU.Build.0 = Debug|Any CPU
		{F068987A-A862-46D5-9FE9-EABFF3C4F2FD}.Debug|x64.ActiveCfg = Debug|x64
		{F068987A-A862-46D5-9FE9-EABFF3C4F2FD}.Debug|x64.Build.0 = Debug|x64
		{F068987A-A862-46D5-9FE9-EABFF3C4F2FD}.Debug|x86.ActiveCfg = Debug|Any CPU
		{F068987A-A862-46D5-9FE9-EABFF3C4F2FD}.Debug|x86.Build.0 = Debug|Any CPU
		{F068987A-A862-46D5-9FE9-EABFF3C4F2FD}.Release|Any CPU.ActiveCfg = Release|Any CPU
		{F068987A-A862-46D5-9FE9-EABFF3C4F2FD}.Release|Any CPU.Build.0 = Release|Any CPU
		{F068987A-A862-46D5-9FE9-EABFF3C4F2FD}.Release|x64.ActiveCfg = Release|Any CPU
		{F068987A-A862-46D5-9FE9-EABFF3C4F2FD}.Release|x64.Build.0 = Release|Any CPU
		{F068987A-A862-46D5-9FE9-EABFF3C4F2FD}.Release|x86.ActiveCfg = Release|Any CPU
		{F068987A-A862-46D5-9FE9-EABFF3C4F2FD}.Release|x86.Build.0 = Release|Any CPU
		{4EAA9D5C-FFD5-4257-8134-8F61B24D9320}.Debug|Any CPU.ActiveCfg = Debug|Any CPU
		{4EAA9D5C-FFD5-4257-8134-8F61B24D9320}.Debug|Any CPU.Build.0 = Debug|Any CPU
		{4EAA9D5C-FFD5-4257-8134-8F61B24D9320}.Debug|x64.ActiveCfg = Debug|Any CPU
		{4EAA9D5C-FFD5-4257-8134-8F61B24D9320}.Debug|x64.Build.0 = Debug|Any CPU
		{4EAA9D5C-FFD5-4257-8134-8F61B24D9320}.Debug|x86.ActiveCfg = Debug|Any CPU
		{4EAA9D5C-FFD5-4257-8134-8F61B24D9320}.Debug|x86.Build.0 = Debug|Any CPU
		{4EAA9D5C-FFD5-4257-8134-8F61B24D9320}.Release|Any CPU.ActiveCfg = Release|Any CPU
		{4EAA9D5C-FFD5-4257-8134-8F61B24D9320}.Release|Any CPU.Build.0 = Release|Any CPU
		{4EAA9D5C-FFD5-4257-8134-8F61B24D9320}.Release|x64.ActiveCfg = Release|Any CPU
		{4EAA9D5C-FFD5-4257-8134-8F61B24D9320}.Release|x64.Build.0 = Release|Any CPU
		{4EAA9D5C-FFD5-4257-8134-8F61B24D9320}.Release|x86.ActiveCfg = Release|Any CPU
		{4EAA9D5C-FFD5-4257-8134-8F61B24D9320}.Release|x86.Build.0 = Release|Any CPU
		{6A354424-8FB8-4D9B-9A37-9DF3A882D675}.Debug|Any CPU.ActiveCfg = Debug|Any CPU
		{6A354424-8FB8-4D9B-9A37-9DF3A882D675}.Debug|Any CPU.Build.0 = Debug|Any CPU
		{6A354424-8FB8-4D9B-9A37-9DF3A882D675}.Debug|x64.ActiveCfg = Debug|Any CPU
		{6A354424-8FB8-4D9B-9A37-9DF3A882D675}.Debug|x64.Build.0 = Debug|Any CPU
		{6A354424-8FB8-4D9B-9A37-9DF3A882D675}.Debug|x86.ActiveCfg = Debug|Any CPU
		{6A354424-8FB8-4D9B-9A37-9DF3A882D675}.Debug|x86.Build.0 = Debug|Any CPU
		{6A354424-8FB8-4D9B-9A37-9DF3A882D675}.Release|Any CPU.ActiveCfg = Release|Any CPU
		{6A354424-8FB8-4D9B-9A37-9DF3A882D675}.Release|Any CPU.Build.0 = Release|Any CPU
		{6A354424-8FB8-4D9B-9A37-9DF3A882D675}.Release|x64.ActiveCfg = Release|Any CPU
		{6A354424-8FB8-4D9B-9A37-9DF3A882D675}.Release|x64.Build.0 = Release|Any CPU
		{6A354424-8FB8-4D9B-9A37-9DF3A882D675}.Release|x86.ActiveCfg = Release|Any CPU
		{6A354424-8FB8-4D9B-9A37-9DF3A882D675}.Release|x86.Build.0 = Release|Any CPU
	EndGlobalSection
	GlobalSection(SolutionProperties) = preSolution
		HideSolutionNode = FALSE
	EndGlobalSection
	GlobalSection(NestedProjects) = preSolution
		{DA3B4651-999E-440F-AA0F-BD83C842296F} = {02EB15A2-5F25-40D2-89A9-DBCCC7DD3470}
		{B3B6A1CC-D614-47DF-8A1F-D9AA5224B108} = {DA3B4651-999E-440F-AA0F-BD83C842296F}
		{EF27322F-29E7-436E-A37E-D8C857FC9687} = {DA3B4651-999E-440F-AA0F-BD83C842296F}
		{0AD1E47C-F4CF-477E-A3F5-C3AF4B66FB8C} = {DA3B4651-999E-440F-AA0F-BD83C842296F}
		{F068987A-A862-46D5-9FE9-EABFF3C4F2FD} = {33076292-419D-4078-A26B-EF08F16DB261}
	EndGlobalSection
	GlobalSection(ExtensibilityGlobals) = postSolution
		SolutionGuid = {3160B4CA-1D8D-4252-80AB-7BE7895F6A8F}
	EndGlobalSection
EndGlobal
