
Microsoft Visual Studio Solution File, Format Version 12.00
# Visual Studio Version 17
VisualStudioVersion = 17.0.31912.275
MinimumVisualStudioVersion = 10.0.40219.1
Project("{9A19103F-16F7-4668-BE54-9A1E7A4F7556}") = "Strategies", "Server\Strategies\Strategies.csproj", "{C3E3868B-988B-4AE7-9258-DC14C7D7AF4A}"
EndProject
Project("{9A19103F-16F7-4668-BE54-9A1E7A4F7556}") = "Core", "Server\Core\Core.csproj", "{AD452C09-AF8D-4E41-BDD9-60D44D00EE5C}"
EndProject
Project("{9A19103F-16F7-4668-BE54-9A1E7A4F7556}") = "TradingConcepts", "Common\TradingConcepts\TradingConcepts.csproj", "{863AA5C1-1CF5-42B0-98B1-AFBE1728AE1A}"
EndProject
Project("{2150E333-8FDC-42A3-9474-1A3956D46DE8}") = "Connections", "Connections", "{02EB15A2-5F25-40D2-89A9-DBCCC7DD3470}"
EndProject
Project("{2150E333-8FDC-42A3-9474-1A3956D46DE8}") = "Quik", "Quik", "{DA3B4651-999E-440F-AA0F-BD83C842296F}"
EndProject
Project("{8BC9CEB8-8B4A-11D0-8D11-00A0C91BC942}") = "ClrBootstrap", "Server\Connections\Quik\ClrBootstrap\ClrBootstrap.vcxproj", "{B3B6A1CC-D614-47DF-8A1F-D9AA5224B108}"
EndProject
Project("{8BC9CEB8-8B4A-11D0-8D11-00A0C91BC942}") = "NativeToManagedProxy", "Server\Connections\Quik\NativeToManagedProxy\NativeToManagedProxy.vcxproj", "{EF27322F-29E7-436E-A37E-D8C857FC9687}"
	ProjectSection(ProjectDependencies) = postProject
		{B3B6A1CC-D614-47DF-8A1F-D9AA5224B108} = {B3B6A1CC-D614-47DF-8A1F-D9AA5224B108}
	EndProjectSection
EndProject
Project("{9A19103F-16F7-4668-BE54-9A1E7A4F7556}") = "Quik", "Server\Connections\Quik\QuikLuaApiWrapper\Quik.csproj", "{0AD1E47C-F4CF-477E-A3F5-C3AF4B66FB8C}"
EndProject
Project("{2150E333-8FDC-42A3-9474-1A3956D46DE8}") = "Tests", "Tests", "{33076292-419D-4078-A26B-EF08F16DB261}"
EndProject
Project("{9A19103F-16F7-4668-BE54-9A1E7A4F7556}") = "QuikLuaWrapperTests", "Server\Tests\QuikLuaWrapperTests\QuikLuaWrapperTests.csproj", "{F068987A-A862-46D5-9FE9-EABFF3C4F2FD}"
EndProject
Project("{9A19103F-16F7-4668-BE54-9A1E7A4F7556}") = "Tools", "Common\Tools\Tools.csproj", "{4EAA9D5C-FFD5-4257-8134-8F61B24D9320}"
EndProject
Project("{2150E333-8FDC-42A3-9474-1A3956D46DE8}") = "Services", "Services", "{81601984-6F25-409B-AB97-B524B6573867}"
EndProject
Project("{9A19103F-16F7-4668-BE54-9A1E7A4F7556}") = "AppComponents", "Server\AppComponents\AppComponents.csproj", "{6A354424-8FB8-4D9B-9A37-9DF3A882D675}"
EndProject
Project("{2150E333-8FDC-42A3-9474-1A3956D46DE8}") = "Server", "Server", "{352D0F4D-F029-43DF-B011-AA10E5B1BF00}"
EndProject
Project("{2150E333-8FDC-42A3-9474-1A3956D46DE8}") = "Common", "Common", "{ADA24A20-3DFA-4DD2-BFBF-37304310E940}"
EndProject
Project("{9A19103F-16F7-4668-BE54-9A1E7A4F7556}") = "MarketExecutionService", "Server\Services\MarketExecutionService\MarketExecutionService.csproj", "{54634E1E-BD0C-4522-874C-B963CE5B4837}"
EndProject
Project("{9A19103F-16F7-4668-BE54-9A1E7A4F7556}") = "QuikGrpcTestClient", "Server\Tests\QuikGrpcTestClient\QuikGrpcTestClient.csproj", "{2EA9DB97-9B6E-4816-8020-1D5396725349}"
EndProject
Project("{2150E333-8FDC-42A3-9474-1A3956D46DE8}") = "Solution Items", "Solution Items", "{516621C9-253D-4D1A-BFAF-FCEFDFD3EE68}"
	ProjectSection(SolutionItems) = preProject
		Readme.md = Readme.md
	EndProjectSection
EndProject
Project("{9A19103F-16F7-4668-BE54-9A1E7A4F7556}") = "QuikIntegrationTest", "Server\Tests\QuikIntegrationTest\QuikIntegrationTest.csproj", "{8D8C2D71-AEDD-4D5C-8D2E-26F379C892E4}"
EndProject
Project("{9A19103F-16F7-4668-BE54-9A1E7A4F7556}") = "Broker", "Server\Services\Broker\Broker.csproj", "{BC099A6C-5067-4694-98FC-28FAD7CA2717}"
EndProject
Project("{9A19103F-16F7-4668-BE54-9A1E7A4F7556}") = "MarketDataProvisionService", "Server\Services\MarketDataProvisionService\MarketDataProvisionService.csproj", "{715E93C5-64F9-4D8F-9C8B-E08A2C64D85A}"
EndProject
Project("{9A19103F-16F7-4668-BE54-9A1E7A4F7556}") = "DecisionMakingService", "Server\Services\DecisionMakingService\DecisionMakingService.csproj", "{122AE8FC-0709-4434-BD94-46A80E90FE07}"
EndProject
Project("{9A19103F-16F7-4668-BE54-9A1E7A4F7556}") = "CoreIntegrationTests", "Server\Tests\CoreIntegrationTests\CoreIntegrationTests.csproj", "{168099F6-4199-40F8-8535-A61B16711F7E}"
EndProject
Project("{9A19103F-16F7-4668-BE54-9A1E7A4F7556}") = "DecisionMakingServiceTests", "Server\Tests\DecisionMakingServiceTests\DecisionMakingServiceTests.csproj", "{CE0435AD-2180-45EE-B2A8-20D2D5134DA7}"
EndProject
Global
	GlobalSection(SolutionConfigurationPlatforms) = preSolution
		Debug|Any CPU = Debug|Any CPU
		Debug|x64 = Debug|x64
		Debug|x86 = Debug|x86
		Release|Any CPU = Release|Any CPU
		Release|x64 = Release|x64
		Release|x86 = Release|x86
		UnitTesting|Any CPU = UnitTesting|Any CPU
		UnitTesting|x64 = UnitTesting|x64
		UnitTesting|x86 = UnitTesting|x86
	EndGlobalSection
	GlobalSection(ProjectConfigurationPlatforms) = postSolution
		{C3E3868B-988B-4AE7-9258-DC14C7D7AF4A}.Debug|Any CPU.ActiveCfg = Debug|Any CPU
		{C3E3868B-988B-4AE7-9258-DC14C7D7AF4A}.Debug|Any CPU.Build.0 = Debug|Any CPU
		{C3E3868B-988B-4AE7-9258-DC14C7D7AF4A}.Debug|x64.ActiveCfg = Debug|Any CPU
		{C3E3868B-988B-4AE7-9258-DC14C7D7AF4A}.Debug|x86.ActiveCfg = Debug|Any CPU
		{C3E3868B-988B-4AE7-9258-DC14C7D7AF4A}.Debug|x86.Build.0 = Debug|Any CPU
		{C3E3868B-988B-4AE7-9258-DC14C7D7AF4A}.Release|Any CPU.ActiveCfg = Release|Any CPU
		{C3E3868B-988B-4AE7-9258-DC14C7D7AF4A}.Release|Any CPU.Build.0 = Release|Any CPU
		{C3E3868B-988B-4AE7-9258-DC14C7D7AF4A}.Release|x64.ActiveCfg = Release|Any CPU
		{C3E3868B-988B-4AE7-9258-DC14C7D7AF4A}.Release|x64.Build.0 = Release|Any CPU
		{C3E3868B-988B-4AE7-9258-DC14C7D7AF4A}.Release|x86.ActiveCfg = Release|Any CPU
		{C3E3868B-988B-4AE7-9258-DC14C7D7AF4A}.Release|x86.Build.0 = Release|Any CPU
		{C3E3868B-988B-4AE7-9258-DC14C7D7AF4A}.UnitTesting|Any CPU.ActiveCfg = UnitTesting|Any CPU
		{C3E3868B-988B-4AE7-9258-DC14C7D7AF4A}.UnitTesting|x64.ActiveCfg = UnitTesting|x64
		{C3E3868B-988B-4AE7-9258-DC14C7D7AF4A}.UnitTesting|x86.ActiveCfg = UnitTesting|Any CPU
		{C3E3868B-988B-4AE7-9258-DC14C7D7AF4A}.UnitTesting|x86.Build.0 = UnitTesting|Any CPU
		{AD452C09-AF8D-4E41-BDD9-60D44D00EE5C}.Debug|Any CPU.ActiveCfg = Debug|Any CPU
		{AD452C09-AF8D-4E41-BDD9-60D44D00EE5C}.Debug|Any CPU.Build.0 = Debug|Any CPU
		{AD452C09-AF8D-4E41-BDD9-60D44D00EE5C}.Debug|x64.ActiveCfg = Debug|Any CPU
		{AD452C09-AF8D-4E41-BDD9-60D44D00EE5C}.Debug|x64.Build.0 = Debug|Any CPU
		{AD452C09-AF8D-4E41-BDD9-60D44D00EE5C}.Debug|x86.ActiveCfg = Debug|Any CPU
		{AD452C09-AF8D-4E41-BDD9-60D44D00EE5C}.Debug|x86.Build.0 = Debug|Any CPU
		{AD452C09-AF8D-4E41-BDD9-60D44D00EE5C}.Release|Any CPU.ActiveCfg = Release|Any CPU
		{AD452C09-AF8D-4E41-BDD9-60D44D00EE5C}.Release|Any CPU.Build.0 = Release|Any CPU
		{AD452C09-AF8D-4E41-BDD9-60D44D00EE5C}.Release|x64.ActiveCfg = Release|Any CPU
		{AD452C09-AF8D-4E41-BDD9-60D44D00EE5C}.Release|x64.Build.0 = Release|Any CPU
		{AD452C09-AF8D-4E41-BDD9-60D44D00EE5C}.Release|x86.ActiveCfg = Release|Any CPU
		{AD452C09-AF8D-4E41-BDD9-60D44D00EE5C}.Release|x86.Build.0 = Release|Any CPU
		{AD452C09-AF8D-4E41-BDD9-60D44D00EE5C}.UnitTesting|Any CPU.ActiveCfg = UnitTesting|Any CPU
		{AD452C09-AF8D-4E41-BDD9-60D44D00EE5C}.UnitTesting|Any CPU.Build.0 = UnitTesting|Any CPU
		{AD452C09-AF8D-4E41-BDD9-60D44D00EE5C}.UnitTesting|x64.ActiveCfg = UnitTesting|x64
		{AD452C09-AF8D-4E41-BDD9-60D44D00EE5C}.UnitTesting|x64.Build.0 = UnitTesting|x64
		{AD452C09-AF8D-4E41-BDD9-60D44D00EE5C}.UnitTesting|x86.ActiveCfg = UnitTesting|Any CPU
		{AD452C09-AF8D-4E41-BDD9-60D44D00EE5C}.UnitTesting|x86.Build.0 = UnitTesting|Any CPU
		{863AA5C1-1CF5-42B0-98B1-AFBE1728AE1A}.Debug|Any CPU.ActiveCfg = Debug|Any CPU
		{863AA5C1-1CF5-42B0-98B1-AFBE1728AE1A}.Debug|Any CPU.Build.0 = Debug|Any CPU
		{863AA5C1-1CF5-42B0-98B1-AFBE1728AE1A}.Debug|x64.ActiveCfg = Debug|x64
		{863AA5C1-1CF5-42B0-98B1-AFBE1728AE1A}.Debug|x64.Build.0 = Debug|x64
		{863AA5C1-1CF5-42B0-98B1-AFBE1728AE1A}.Debug|x86.ActiveCfg = Debug|Any CPU
		{863AA5C1-1CF5-42B0-98B1-AFBE1728AE1A}.Debug|x86.Build.0 = Debug|Any CPU
		{863AA5C1-1CF5-42B0-98B1-AFBE1728AE1A}.Release|Any CPU.ActiveCfg = Release|Any CPU
		{863AA5C1-1CF5-42B0-98B1-AFBE1728AE1A}.Release|Any CPU.Build.0 = Release|Any CPU
		{863AA5C1-1CF5-42B0-98B1-AFBE1728AE1A}.Release|x64.ActiveCfg = Release|Any CPU
		{863AA5C1-1CF5-42B0-98B1-AFBE1728AE1A}.Release|x64.Build.0 = Release|Any CPU
		{863AA5C1-1CF5-42B0-98B1-AFBE1728AE1A}.Release|x86.ActiveCfg = Release|Any CPU
		{863AA5C1-1CF5-42B0-98B1-AFBE1728AE1A}.Release|x86.Build.0 = Release|Any CPU
		{863AA5C1-1CF5-42B0-98B1-AFBE1728AE1A}.UnitTesting|Any CPU.ActiveCfg = UnitTesting|Any CPU
		{863AA5C1-1CF5-42B0-98B1-AFBE1728AE1A}.UnitTesting|Any CPU.Build.0 = UnitTesting|Any CPU
		{863AA5C1-1CF5-42B0-98B1-AFBE1728AE1A}.UnitTesting|x64.ActiveCfg = UnitTesting|x64
		{863AA5C1-1CF5-42B0-98B1-AFBE1728AE1A}.UnitTesting|x64.Build.0 = UnitTesting|x64
		{863AA5C1-1CF5-42B0-98B1-AFBE1728AE1A}.UnitTesting|x86.ActiveCfg = UnitTesting|Any CPU
		{863AA5C1-1CF5-42B0-98B1-AFBE1728AE1A}.UnitTesting|x86.Build.0 = UnitTesting|Any CPU
		{B3B6A1CC-D614-47DF-8A1F-D9AA5224B108}.Debug|Any CPU.ActiveCfg = Debug|x64
		{B3B6A1CC-D614-47DF-8A1F-D9AA5224B108}.Debug|Any CPU.Build.0 = Debug|x64
		{B3B6A1CC-D614-47DF-8A1F-D9AA5224B108}.Debug|x64.ActiveCfg = Debug|x64
		{B3B6A1CC-D614-47DF-8A1F-D9AA5224B108}.Debug|x64.Build.0 = Debug|x64
		{B3B6A1CC-D614-47DF-8A1F-D9AA5224B108}.Debug|x86.ActiveCfg = Debug|Win32
		{B3B6A1CC-D614-47DF-8A1F-D9AA5224B108}.Debug|x86.Build.0 = Debug|Win32
		{B3B6A1CC-D614-47DF-8A1F-D9AA5224B108}.Release|Any CPU.ActiveCfg = Release|x64
		{B3B6A1CC-D614-47DF-8A1F-D9AA5224B108}.Release|Any CPU.Build.0 = Release|x64
		{B3B6A1CC-D614-47DF-8A1F-D9AA5224B108}.Release|x64.ActiveCfg = Release|x64
		{B3B6A1CC-D614-47DF-8A1F-D9AA5224B108}.Release|x64.Build.0 = Release|x64
		{B3B6A1CC-D614-47DF-8A1F-D9AA5224B108}.Release|x86.ActiveCfg = Release|Win32
		{B3B6A1CC-D614-47DF-8A1F-D9AA5224B108}.Release|x86.Build.0 = Release|Win32
		{B3B6A1CC-D614-47DF-8A1F-D9AA5224B108}.UnitTesting|Any CPU.ActiveCfg = UnitTesting|x64
		{B3B6A1CC-D614-47DF-8A1F-D9AA5224B108}.UnitTesting|Any CPU.Build.0 = UnitTesting|x64
		{B3B6A1CC-D614-47DF-8A1F-D9AA5224B108}.UnitTesting|x64.ActiveCfg = UnitTesting|x64
		{B3B6A1CC-D614-47DF-8A1F-D9AA5224B108}.UnitTesting|x64.Build.0 = UnitTesting|x64
		{B3B6A1CC-D614-47DF-8A1F-D9AA5224B108}.UnitTesting|x86.ActiveCfg = UnitTesting|Win32
		{B3B6A1CC-D614-47DF-8A1F-D9AA5224B108}.UnitTesting|x86.Build.0 = UnitTesting|Win32
		{EF27322F-29E7-436E-A37E-D8C857FC9687}.Debug|Any CPU.ActiveCfg = Debug|x64
		{EF27322F-29E7-436E-A37E-D8C857FC9687}.Debug|Any CPU.Build.0 = Debug|x64
		{EF27322F-29E7-436E-A37E-D8C857FC9687}.Debug|x64.ActiveCfg = Debug|x64
		{EF27322F-29E7-436E-A37E-D8C857FC9687}.Debug|x64.Build.0 = Debug|x64
		{EF27322F-29E7-436E-A37E-D8C857FC9687}.Debug|x86.ActiveCfg = Debug|Win32
		{EF27322F-29E7-436E-A37E-D8C857FC9687}.Debug|x86.Build.0 = Debug|Win32
		{EF27322F-29E7-436E-A37E-D8C857FC9687}.Release|Any CPU.ActiveCfg = Release|x64
		{EF27322F-29E7-436E-A37E-D8C857FC9687}.Release|Any CPU.Build.0 = Release|x64
		{EF27322F-29E7-436E-A37E-D8C857FC9687}.Release|x64.ActiveCfg = Release|x64
		{EF27322F-29E7-436E-A37E-D8C857FC9687}.Release|x64.Build.0 = Release|x64
		{EF27322F-29E7-436E-A37E-D8C857FC9687}.Release|x86.ActiveCfg = Release|Win32
		{EF27322F-29E7-436E-A37E-D8C857FC9687}.Release|x86.Build.0 = Release|Win32
		{EF27322F-29E7-436E-A37E-D8C857FC9687}.UnitTesting|Any CPU.ActiveCfg = UnitTesting|x64
		{EF27322F-29E7-436E-A37E-D8C857FC9687}.UnitTesting|Any CPU.Build.0 = UnitTesting|x64
		{EF27322F-29E7-436E-A37E-D8C857FC9687}.UnitTesting|x64.ActiveCfg = UnitTesting|x64
		{EF27322F-29E7-436E-A37E-D8C857FC9687}.UnitTesting|x64.Build.0 = UnitTesting|x64
		{EF27322F-29E7-436E-A37E-D8C857FC9687}.UnitTesting|x86.ActiveCfg = UnitTesting|Win32
		{EF27322F-29E7-436E-A37E-D8C857FC9687}.UnitTesting|x86.Build.0 = UnitTesting|Win32
		{0AD1E47C-F4CF-477E-A3F5-C3AF4B66FB8C}.Debug|Any CPU.ActiveCfg = Debug|x64
		{0AD1E47C-F4CF-477E-A3F5-C3AF4B66FB8C}.Debug|Any CPU.Build.0 = Debug|x64
		{0AD1E47C-F4CF-477E-A3F5-C3AF4B66FB8C}.Debug|x64.ActiveCfg = Debug|x64
		{0AD1E47C-F4CF-477E-A3F5-C3AF4B66FB8C}.Debug|x64.Build.0 = Debug|x64
		{0AD1E47C-F4CF-477E-A3F5-C3AF4B66FB8C}.Debug|x86.ActiveCfg = Debug|x64
		{0AD1E47C-F4CF-477E-A3F5-C3AF4B66FB8C}.Debug|x86.Build.0 = Debug|x64
		{0AD1E47C-F4CF-477E-A3F5-C3AF4B66FB8C}.Release|Any CPU.ActiveCfg = Release|x64
		{0AD1E47C-F4CF-477E-A3F5-C3AF4B66FB8C}.Release|Any CPU.Build.0 = Release|x64
		{0AD1E47C-F4CF-477E-A3F5-C3AF4B66FB8C}.Release|x64.ActiveCfg = Release|x64
		{0AD1E47C-F4CF-477E-A3F5-C3AF4B66FB8C}.Release|x64.Build.0 = Release|x64
		{0AD1E47C-F4CF-477E-A3F5-C3AF4B66FB8C}.Release|x86.ActiveCfg = Release|x64
		{0AD1E47C-F4CF-477E-A3F5-C3AF4B66FB8C}.Release|x86.Build.0 = Release|x64
		{0AD1E47C-F4CF-477E-A3F5-C3AF4B66FB8C}.UnitTesting|Any CPU.ActiveCfg = UnitTesting|x64
		{0AD1E47C-F4CF-477E-A3F5-C3AF4B66FB8C}.UnitTesting|Any CPU.Build.0 = UnitTesting|x64
		{0AD1E47C-F4CF-477E-A3F5-C3AF4B66FB8C}.UnitTesting|x64.ActiveCfg = UnitTesting|x64
		{0AD1E47C-F4CF-477E-A3F5-C3AF4B66FB8C}.UnitTesting|x64.Build.0 = UnitTesting|x64
		{0AD1E47C-F4CF-477E-A3F5-C3AF4B66FB8C}.UnitTesting|x86.ActiveCfg = UnitTesting|x64
		{0AD1E47C-F4CF-477E-A3F5-C3AF4B66FB8C}.UnitTesting|x86.Build.0 = UnitTesting|x64
		{F068987A-A862-46D5-9FE9-EABFF3C4F2FD}.Debug|Any CPU.ActiveCfg = Debug|Any CPU
		{F068987A-A862-46D5-9FE9-EABFF3C4F2FD}.Debug|Any CPU.Build.0 = Debug|Any CPU
		{F068987A-A862-46D5-9FE9-EABFF3C4F2FD}.Debug|x64.ActiveCfg = Debug|Any CPU
		{F068987A-A862-46D5-9FE9-EABFF3C4F2FD}.Debug|x86.ActiveCfg = Debug|Any CPU
		{F068987A-A862-46D5-9FE9-EABFF3C4F2FD}.Debug|x86.Build.0 = Debug|Any CPU
		{F068987A-A862-46D5-9FE9-EABFF3C4F2FD}.Release|Any CPU.ActiveCfg = Release|Any CPU
		{F068987A-A862-46D5-9FE9-EABFF3C4F2FD}.Release|Any CPU.Build.0 = Release|Any CPU
		{F068987A-A862-46D5-9FE9-EABFF3C4F2FD}.Release|x64.ActiveCfg = Release|Any CPU
		{F068987A-A862-46D5-9FE9-EABFF3C4F2FD}.Release|x64.Build.0 = Release|Any CPU
		{F068987A-A862-46D5-9FE9-EABFF3C4F2FD}.Release|x86.ActiveCfg = Release|Any CPU
		{F068987A-A862-46D5-9FE9-EABFF3C4F2FD}.Release|x86.Build.0 = Release|Any CPU
		{F068987A-A862-46D5-9FE9-EABFF3C4F2FD}.UnitTesting|Any CPU.ActiveCfg = UnitTesting|Any CPU
		{F068987A-A862-46D5-9FE9-EABFF3C4F2FD}.UnitTesting|Any CPU.Build.0 = UnitTesting|Any CPU
		{F068987A-A862-46D5-9FE9-EABFF3C4F2FD}.UnitTesting|x64.ActiveCfg = UnitTesting|x64
		{F068987A-A862-46D5-9FE9-EABFF3C4F2FD}.UnitTesting|x64.Build.0 = UnitTesting|x64
		{F068987A-A862-46D5-9FE9-EABFF3C4F2FD}.UnitTesting|x86.ActiveCfg = UnitTesting|Any CPU
		{F068987A-A862-46D5-9FE9-EABFF3C4F2FD}.UnitTesting|x86.Build.0 = UnitTesting|Any CPU
		{4EAA9D5C-FFD5-4257-8134-8F61B24D9320}.Debug|Any CPU.ActiveCfg = Debug|Any CPU
		{4EAA9D5C-FFD5-4257-8134-8F61B24D9320}.Debug|Any CPU.Build.0 = Debug|Any CPU
		{4EAA9D5C-FFD5-4257-8134-8F61B24D9320}.Debug|x64.ActiveCfg = Debug|x64
		{4EAA9D5C-FFD5-4257-8134-8F61B24D9320}.Debug|x64.Build.0 = Debug|x64
		{4EAA9D5C-FFD5-4257-8134-8F61B24D9320}.Debug|x86.ActiveCfg = Debug|Any CPU
		{4EAA9D5C-FFD5-4257-8134-8F61B24D9320}.Debug|x86.Build.0 = Debug|Any CPU
		{4EAA9D5C-FFD5-4257-8134-8F61B24D9320}.Release|Any CPU.ActiveCfg = Release|Any CPU
		{4EAA9D5C-FFD5-4257-8134-8F61B24D9320}.Release|Any CPU.Build.0 = Release|Any CPU
		{4EAA9D5C-FFD5-4257-8134-8F61B24D9320}.Release|x64.ActiveCfg = Release|Any CPU
		{4EAA9D5C-FFD5-4257-8134-8F61B24D9320}.Release|x64.Build.0 = Release|Any CPU
		{4EAA9D5C-FFD5-4257-8134-8F61B24D9320}.Release|x86.ActiveCfg = Release|Any CPU
		{4EAA9D5C-FFD5-4257-8134-8F61B24D9320}.Release|x86.Build.0 = Release|Any CPU
		{4EAA9D5C-FFD5-4257-8134-8F61B24D9320}.UnitTesting|Any CPU.ActiveCfg = UnitTesting|Any CPU
		{4EAA9D5C-FFD5-4257-8134-8F61B24D9320}.UnitTesting|Any CPU.Build.0 = UnitTesting|Any CPU
		{4EAA9D5C-FFD5-4257-8134-8F61B24D9320}.UnitTesting|x64.ActiveCfg = UnitTesting|x64
		{4EAA9D5C-FFD5-4257-8134-8F61B24D9320}.UnitTesting|x64.Build.0 = UnitTesting|x64
		{4EAA9D5C-FFD5-4257-8134-8F61B24D9320}.UnitTesting|x86.ActiveCfg = UnitTesting|Any CPU
		{4EAA9D5C-FFD5-4257-8134-8F61B24D9320}.UnitTesting|x86.Build.0 = UnitTesting|Any CPU
		{6A354424-8FB8-4D9B-9A37-9DF3A882D675}.Debug|Any CPU.ActiveCfg = Debug|Any CPU
		{6A354424-8FB8-4D9B-9A37-9DF3A882D675}.Debug|Any CPU.Build.0 = Debug|Any CPU
		{6A354424-8FB8-4D9B-9A37-9DF3A882D675}.Debug|x64.ActiveCfg = Debug|Any CPU
		{6A354424-8FB8-4D9B-9A37-9DF3A882D675}.Debug|x64.Build.0 = Debug|Any CPU
		{6A354424-8FB8-4D9B-9A37-9DF3A882D675}.Debug|x86.ActiveCfg = Debug|Any CPU
		{6A354424-8FB8-4D9B-9A37-9DF3A882D675}.Debug|x86.Build.0 = Debug|Any CPU
		{6A354424-8FB8-4D9B-9A37-9DF3A882D675}.Release|Any CPU.ActiveCfg = Release|Any CPU
		{6A354424-8FB8-4D9B-9A37-9DF3A882D675}.Release|Any CPU.Build.0 = Release|Any CPU
		{6A354424-8FB8-4D9B-9A37-9DF3A882D675}.Release|x64.ActiveCfg = Release|Any CPU
		{6A354424-8FB8-4D9B-9A37-9DF3A882D675}.Release|x64.Build.0 = Release|Any CPU
		{6A354424-8FB8-4D9B-9A37-9DF3A882D675}.Release|x86.ActiveCfg = Release|Any CPU
		{6A354424-8FB8-4D9B-9A37-9DF3A882D675}.Release|x86.Build.0 = Release|Any CPU
		{6A354424-8FB8-4D9B-9A37-9DF3A882D675}.UnitTesting|Any CPU.ActiveCfg = UnitTesting|Any CPU
		{6A354424-8FB8-4D9B-9A37-9DF3A882D675}.UnitTesting|x64.ActiveCfg = UnitTesting|x64
		{6A354424-8FB8-4D9B-9A37-9DF3A882D675}.UnitTesting|x64.Build.0 = UnitTesting|x64
		{6A354424-8FB8-4D9B-9A37-9DF3A882D675}.UnitTesting|x86.ActiveCfg = UnitTesting|Any CPU
		{6A354424-8FB8-4D9B-9A37-9DF3A882D675}.UnitTesting|x86.Build.0 = UnitTesting|Any CPU
		{54634E1E-BD0C-4522-874C-B963CE5B4837}.Debug|Any CPU.ActiveCfg = Debug|Any CPU
		{54634E1E-BD0C-4522-874C-B963CE5B4837}.Debug|Any CPU.Build.0 = Debug|Any CPU
		{54634E1E-BD0C-4522-874C-B963CE5B4837}.Debug|x64.ActiveCfg = Debug|Any CPU
		{54634E1E-BD0C-4522-874C-B963CE5B4837}.Debug|x64.Build.0 = Debug|Any CPU
		{54634E1E-BD0C-4522-874C-B963CE5B4837}.Debug|x86.ActiveCfg = Debug|Any CPU
		{54634E1E-BD0C-4522-874C-B963CE5B4837}.Debug|x86.Build.0 = Debug|Any CPU
		{54634E1E-BD0C-4522-874C-B963CE5B4837}.Release|Any CPU.ActiveCfg = Release|Any CPU
		{54634E1E-BD0C-4522-874C-B963CE5B4837}.Release|Any CPU.Build.0 = Release|Any CPU
		{54634E1E-BD0C-4522-874C-B963CE5B4837}.Release|x64.ActiveCfg = Release|Any CPU
		{54634E1E-BD0C-4522-874C-B963CE5B4837}.Release|x64.Build.0 = Release|Any CPU
		{54634E1E-BD0C-4522-874C-B963CE5B4837}.Release|x86.ActiveCfg = Release|Any CPU
		{54634E1E-BD0C-4522-874C-B963CE5B4837}.Release|x86.Build.0 = Release|Any CPU
		{54634E1E-BD0C-4522-874C-B963CE5B4837}.UnitTesting|Any CPU.ActiveCfg = UnitTesting|Any CPU
		{54634E1E-BD0C-4522-874C-B963CE5B4837}.UnitTesting|x64.ActiveCfg = UnitTesting|x64
		{54634E1E-BD0C-4522-874C-B963CE5B4837}.UnitTesting|x64.Build.0 = UnitTesting|x64
		{54634E1E-BD0C-4522-874C-B963CE5B4837}.UnitTesting|x86.ActiveCfg = UnitTesting|Any CPU
		{54634E1E-BD0C-4522-874C-B963CE5B4837}.UnitTesting|x86.Build.0 = UnitTesting|Any CPU
		{2EA9DB97-9B6E-4816-8020-1D5396725349}.Debug|Any CPU.ActiveCfg = Debug|Any CPU
		{2EA9DB97-9B6E-4816-8020-1D5396725349}.Debug|Any CPU.Build.0 = Debug|Any CPU
		{2EA9DB97-9B6E-4816-8020-1D5396725349}.Debug|x64.ActiveCfg = Debug|Any CPU
		{2EA9DB97-9B6E-4816-8020-1D5396725349}.Debug|x86.ActiveCfg = Debug|Any CPU
		{2EA9DB97-9B6E-4816-8020-1D5396725349}.Debug|x86.Build.0 = Debug|Any CPU
		{2EA9DB97-9B6E-4816-8020-1D5396725349}.Release|Any CPU.ActiveCfg = Release|Any CPU
		{2EA9DB97-9B6E-4816-8020-1D5396725349}.Release|Any CPU.Build.0 = Release|Any CPU
		{2EA9DB97-9B6E-4816-8020-1D5396725349}.Release|x64.ActiveCfg = Release|Any CPU
		{2EA9DB97-9B6E-4816-8020-1D5396725349}.Release|x64.Build.0 = Release|Any CPU
		{2EA9DB97-9B6E-4816-8020-1D5396725349}.Release|x86.ActiveCfg = Release|Any CPU
		{2EA9DB97-9B6E-4816-8020-1D5396725349}.Release|x86.Build.0 = Release|Any CPU
		{2EA9DB97-9B6E-4816-8020-1D5396725349}.UnitTesting|Any CPU.ActiveCfg = UnitTesting|Any CPU
		{2EA9DB97-9B6E-4816-8020-1D5396725349}.UnitTesting|Any CPU.Build.0 = UnitTesting|Any CPU
		{2EA9DB97-9B6E-4816-8020-1D5396725349}.UnitTesting|x64.ActiveCfg = UnitTesting|Any CPU
		{2EA9DB97-9B6E-4816-8020-1D5396725349}.UnitTesting|x64.Build.0 = UnitTesting|Any CPU
		{2EA9DB97-9B6E-4816-8020-1D5396725349}.UnitTesting|x86.ActiveCfg = UnitTesting|Any CPU
		{2EA9DB97-9B6E-4816-8020-1D5396725349}.UnitTesting|x86.Build.0 = UnitTesting|Any CPU
		{8D8C2D71-AEDD-4D5C-8D2E-26F379C892E4}.Debug|Any CPU.ActiveCfg = Debug|Any CPU
		{8D8C2D71-AEDD-4D5C-8D2E-26F379C892E4}.Debug|Any CPU.Build.0 = Debug|Any CPU
		{8D8C2D71-AEDD-4D5C-8D2E-26F379C892E4}.Debug|x64.ActiveCfg = Debug|Any CPU
		{8D8C2D71-AEDD-4D5C-8D2E-26F379C892E4}.Debug|x86.ActiveCfg = Debug|Any CPU
		{8D8C2D71-AEDD-4D5C-8D2E-26F379C892E4}.Debug|x86.Build.0 = Debug|Any CPU
		{8D8C2D71-AEDD-4D5C-8D2E-26F379C892E4}.Release|Any CPU.ActiveCfg = Release|Any CPU
		{8D8C2D71-AEDD-4D5C-8D2E-26F379C892E4}.Release|Any CPU.Build.0 = Release|Any CPU
		{8D8C2D71-AEDD-4D5C-8D2E-26F379C892E4}.Release|x64.ActiveCfg = Release|Any CPU
		{8D8C2D71-AEDD-4D5C-8D2E-26F379C892E4}.Release|x64.Build.0 = Release|Any CPU
		{8D8C2D71-AEDD-4D5C-8D2E-26F379C892E4}.Release|x86.ActiveCfg = Release|Any CPU
		{8D8C2D71-AEDD-4D5C-8D2E-26F379C892E4}.Release|x86.Build.0 = Release|Any CPU
		{8D8C2D71-AEDD-4D5C-8D2E-26F379C892E4}.UnitTesting|Any CPU.ActiveCfg = UnitTesting|Any CPU
		{8D8C2D71-AEDD-4D5C-8D2E-26F379C892E4}.UnitTesting|Any CPU.Build.0 = UnitTesting|Any CPU
		{8D8C2D71-AEDD-4D5C-8D2E-26F379C892E4}.UnitTesting|x64.ActiveCfg = UnitTesting|Any CPU
		{8D8C2D71-AEDD-4D5C-8D2E-26F379C892E4}.UnitTesting|x64.Build.0 = UnitTesting|Any CPU
		{8D8C2D71-AEDD-4D5C-8D2E-26F379C892E4}.UnitTesting|x86.ActiveCfg = UnitTesting|Any CPU
		{8D8C2D71-AEDD-4D5C-8D2E-26F379C892E4}.UnitTesting|x86.Build.0 = UnitTesting|Any CPU
		{BC099A6C-5067-4694-98FC-28FAD7CA2717}.Debug|Any CPU.ActiveCfg = Debug|Any CPU
		{BC099A6C-5067-4694-98FC-28FAD7CA2717}.Debug|Any CPU.Build.0 = Debug|Any CPU
		{BC099A6C-5067-4694-98FC-28FAD7CA2717}.Debug|x64.ActiveCfg = Debug|Any CPU
		{BC099A6C-5067-4694-98FC-28FAD7CA2717}.Debug|x64.Build.0 = Debug|Any CPU
		{BC099A6C-5067-4694-98FC-28FAD7CA2717}.Debug|x86.ActiveCfg = Debug|Any CPU
		{BC099A6C-5067-4694-98FC-28FAD7CA2717}.Debug|x86.Build.0 = Debug|Any CPU
		{BC099A6C-5067-4694-98FC-28FAD7CA2717}.Release|Any CPU.ActiveCfg = Release|Any CPU
		{BC099A6C-5067-4694-98FC-28FAD7CA2717}.Release|Any CPU.Build.0 = Release|Any CPU
		{BC099A6C-5067-4694-98FC-28FAD7CA2717}.Release|x64.ActiveCfg = Release|Any CPU
		{BC099A6C-5067-4694-98FC-28FAD7CA2717}.Release|x64.Build.0 = Release|Any CPU
		{BC099A6C-5067-4694-98FC-28FAD7CA2717}.Release|x86.ActiveCfg = Release|Any CPU
		{BC099A6C-5067-4694-98FC-28FAD7CA2717}.Release|x86.Build.0 = Release|Any CPU
		{BC099A6C-5067-4694-98FC-28FAD7CA2717}.UnitTesting|Any CPU.ActiveCfg = Debug|Any CPU
		{BC099A6C-5067-4694-98FC-28FAD7CA2717}.UnitTesting|Any CPU.Build.0 = Debug|Any CPU
		{BC099A6C-5067-4694-98FC-28FAD7CA2717}.UnitTesting|x64.ActiveCfg = Debug|Any CPU
		{BC099A6C-5067-4694-98FC-28FAD7CA2717}.UnitTesting|x64.Build.0 = Debug|Any CPU
		{BC099A6C-5067-4694-98FC-28FAD7CA2717}.UnitTesting|x86.ActiveCfg = Debug|Any CPU
		{BC099A6C-5067-4694-98FC-28FAD7CA2717}.UnitTesting|x86.Build.0 = Debug|Any CPU
		{715E93C5-64F9-4D8F-9C8B-E08A2C64D85A}.Debug|Any CPU.ActiveCfg = Debug|Any CPU
		{715E93C5-64F9-4D8F-9C8B-E08A2C64D85A}.Debug|Any CPU.Build.0 = Debug|Any CPU
		{715E93C5-64F9-4D8F-9C8B-E08A2C64D85A}.Debug|x64.ActiveCfg = Debug|Any CPU
		{715E93C5-64F9-4D8F-9C8B-E08A2C64D85A}.Debug|x64.Build.0 = Debug|Any CPU
		{715E93C5-64F9-4D8F-9C8B-E08A2C64D85A}.Debug|x86.ActiveCfg = Debug|Any CPU
		{715E93C5-64F9-4D8F-9C8B-E08A2C64D85A}.Debug|x86.Build.0 = Debug|Any CPU
		{715E93C5-64F9-4D8F-9C8B-E08A2C64D85A}.Release|Any CPU.ActiveCfg = Release|Any CPU
		{715E93C5-64F9-4D8F-9C8B-E08A2C64D85A}.Release|Any CPU.Build.0 = Release|Any CPU
		{715E93C5-64F9-4D8F-9C8B-E08A2C64D85A}.Release|x64.ActiveCfg = Release|Any CPU
		{715E93C5-64F9-4D8F-9C8B-E08A2C64D85A}.Release|x64.Build.0 = Release|Any CPU
		{715E93C5-64F9-4D8F-9C8B-E08A2C64D85A}.Release|x86.ActiveCfg = Release|Any CPU
		{715E93C5-64F9-4D8F-9C8B-E08A2C64D85A}.Release|x86.Build.0 = Release|Any CPU
		{715E93C5-64F9-4D8F-9C8B-E08A2C64D85A}.UnitTesting|Any CPU.ActiveCfg = Debug|Any CPU
		{715E93C5-64F9-4D8F-9C8B-E08A2C64D85A}.UnitTesting|Any CPU.Build.0 = Debug|Any CPU
		{715E93C5-64F9-4D8F-9C8B-E08A2C64D85A}.UnitTesting|x64.ActiveCfg = Debug|Any CPU
		{715E93C5-64F9-4D8F-9C8B-E08A2C64D85A}.UnitTesting|x64.Build.0 = Debug|Any CPU
		{715E93C5-64F9-4D8F-9C8B-E08A2C64D85A}.UnitTesting|x86.ActiveCfg = Debug|Any CPU
		{715E93C5-64F9-4D8F-9C8B-E08A2C64D85A}.UnitTesting|x86.Build.0 = Debug|Any CPU
		{122AE8FC-0709-4434-BD94-46A80E90FE07}.Debug|Any CPU.ActiveCfg = Debug|Any CPU
		{122AE8FC-0709-4434-BD94-46A80E90FE07}.Debug|Any CPU.Build.0 = Debug|Any CPU
		{122AE8FC-0709-4434-BD94-46A80E90FE07}.Debug|x64.ActiveCfg = Debug|Any CPU
		{122AE8FC-0709-4434-BD94-46A80E90FE07}.Debug|x64.Build.0 = Debug|Any CPU
		{122AE8FC-0709-4434-BD94-46A80E90FE07}.Debug|x86.ActiveCfg = Debug|Any CPU
		{122AE8FC-0709-4434-BD94-46A80E90FE07}.Debug|x86.Build.0 = Debug|Any CPU
		{122AE8FC-0709-4434-BD94-46A80E90FE07}.Release|Any CPU.ActiveCfg = Release|Any CPU
		{122AE8FC-0709-4434-BD94-46A80E90FE07}.Release|Any CPU.Build.0 = Release|Any CPU
		{122AE8FC-0709-4434-BD94-46A80E90FE07}.Release|x64.ActiveCfg = Release|Any CPU
		{122AE8FC-0709-4434-BD94-46A80E90FE07}.Release|x64.Build.0 = Release|Any CPU
		{122AE8FC-0709-4434-BD94-46A80E90FE07}.Release|x86.ActiveCfg = Release|Any CPU
		{122AE8FC-0709-4434-BD94-46A80E90FE07}.Release|x86.Build.0 = Release|Any CPU
		{122AE8FC-0709-4434-BD94-46A80E90FE07}.UnitTesting|Any CPU.ActiveCfg = Debug|Any CPU
		{122AE8FC-0709-4434-BD94-46A80E90FE07}.UnitTesting|Any CPU.Build.0 = Debug|Any CPU
		{122AE8FC-0709-4434-BD94-46A80E90FE07}.UnitTesting|x64.ActiveCfg = Debug|Any CPU
		{122AE8FC-0709-4434-BD94-46A80E90FE07}.UnitTesting|x64.Build.0 = Debug|Any CPU
		{122AE8FC-0709-4434-BD94-46A80E90FE07}.UnitTesting|x86.ActiveCfg = Debug|Any CPU
		{122AE8FC-0709-4434-BD94-46A80E90FE07}.UnitTesting|x86.Build.0 = Debug|Any CPU
		{168099F6-4199-40F8-8535-A61B16711F7E}.Debug|Any CPU.ActiveCfg = Debug|Any CPU
		{168099F6-4199-40F8-8535-A61B16711F7E}.Debug|Any CPU.Build.0 = Debug|Any CPU
		{168099F6-4199-40F8-8535-A61B16711F7E}.Debug|x64.ActiveCfg = Debug|Any CPU
		{168099F6-4199-40F8-8535-A61B16711F7E}.Debug|x64.Build.0 = Debug|Any CPU
		{168099F6-4199-40F8-8535-A61B16711F7E}.Debug|x86.ActiveCfg = Debug|Any CPU
		{168099F6-4199-40F8-8535-A61B16711F7E}.Debug|x86.Build.0 = Debug|Any CPU
		{168099F6-4199-40F8-8535-A61B16711F7E}.Release|Any CPU.ActiveCfg = Release|Any CPU
		{168099F6-4199-40F8-8535-A61B16711F7E}.Release|Any CPU.Build.0 = Release|Any CPU
		{168099F6-4199-40F8-8535-A61B16711F7E}.Release|x64.ActiveCfg = Release|Any CPU
		{168099F6-4199-40F8-8535-A61B16711F7E}.Release|x64.Build.0 = Release|Any CPU
		{168099F6-4199-40F8-8535-A61B16711F7E}.Release|x86.ActiveCfg = Release|Any CPU
		{168099F6-4199-40F8-8535-A61B16711F7E}.Release|x86.Build.0 = Release|Any CPU
		{168099F6-4199-40F8-8535-A61B16711F7E}.UnitTesting|Any CPU.ActiveCfg = Debug|Any CPU
		{168099F6-4199-40F8-8535-A61B16711F7E}.UnitTesting|Any CPU.Build.0 = Debug|Any CPU
		{168099F6-4199-40F8-8535-A61B16711F7E}.UnitTesting|x64.ActiveCfg = Debug|Any CPU
		{168099F6-4199-40F8-8535-A61B16711F7E}.UnitTesting|x64.Build.0 = Debug|Any CPU
		{168099F6-4199-40F8-8535-A61B16711F7E}.UnitTesting|x86.ActiveCfg = Debug|Any CPU
		{168099F6-4199-40F8-8535-A61B16711F7E}.UnitTesting|x86.Build.0 = Debug|Any CPU
		{CE0435AD-2180-45EE-B2A8-20D2D5134DA7}.Debug|Any CPU.ActiveCfg = Debug|Any CPU
		{CE0435AD-2180-45EE-B2A8-20D2D5134DA7}.Debug|Any CPU.Build.0 = Debug|Any CPU
		{CE0435AD-2180-45EE-B2A8-20D2D5134DA7}.Debug|x64.ActiveCfg = Debug|Any CPU
		{CE0435AD-2180-45EE-B2A8-20D2D5134DA7}.Debug|x64.Build.0 = Debug|Any CPU
		{CE0435AD-2180-45EE-B2A8-20D2D5134DA7}.Debug|x86.ActiveCfg = Debug|Any CPU
		{CE0435AD-2180-45EE-B2A8-20D2D5134DA7}.Debug|x86.Build.0 = Debug|Any CPU
		{CE0435AD-2180-45EE-B2A8-20D2D5134DA7}.Release|Any CPU.ActiveCfg = Release|Any CPU
		{CE0435AD-2180-45EE-B2A8-20D2D5134DA7}.Release|Any CPU.Build.0 = Release|Any CPU
		{CE0435AD-2180-45EE-B2A8-20D2D5134DA7}.Release|x64.ActiveCfg = Release|Any CPU
		{CE0435AD-2180-45EE-B2A8-20D2D5134DA7}.Release|x64.Build.0 = Release|Any CPU
		{CE0435AD-2180-45EE-B2A8-20D2D5134DA7}.Release|x86.ActiveCfg = Release|Any CPU
		{CE0435AD-2180-45EE-B2A8-20D2D5134DA7}.Release|x86.Build.0 = Release|Any CPU
		{CE0435AD-2180-45EE-B2A8-20D2D5134DA7}.UnitTesting|Any CPU.ActiveCfg = Debug|Any CPU
		{CE0435AD-2180-45EE-B2A8-20D2D5134DA7}.UnitTesting|Any CPU.Build.0 = Debug|Any CPU
		{CE0435AD-2180-45EE-B2A8-20D2D5134DA7}.UnitTesting|x64.ActiveCfg = Debug|Any CPU
		{CE0435AD-2180-45EE-B2A8-20D2D5134DA7}.UnitTesting|x64.Build.0 = Debug|Any CPU
		{CE0435AD-2180-45EE-B2A8-20D2D5134DA7}.UnitTesting|x86.ActiveCfg = Debug|Any CPU
		{CE0435AD-2180-45EE-B2A8-20D2D5134DA7}.UnitTesting|x86.Build.0 = Debug|Any CPU
	EndGlobalSection
	GlobalSection(SolutionProperties) = preSolution
		HideSolutionNode = FALSE
	EndGlobalSection
	GlobalSection(NestedProjects) = preSolution
		{C3E3868B-988B-4AE7-9258-DC14C7D7AF4A} = {352D0F4D-F029-43DF-B011-AA10E5B1BF00}
		{AD452C09-AF8D-4E41-BDD9-60D44D00EE5C} = {352D0F4D-F029-43DF-B011-AA10E5B1BF00}
		{863AA5C1-1CF5-42B0-98B1-AFBE1728AE1A} = {ADA24A20-3DFA-4DD2-BFBF-37304310E940}
		{02EB15A2-5F25-40D2-89A9-DBCCC7DD3470} = {352D0F4D-F029-43DF-B011-AA10E5B1BF00}
		{DA3B4651-999E-440F-AA0F-BD83C842296F} = {02EB15A2-5F25-40D2-89A9-DBCCC7DD3470}
		{B3B6A1CC-D614-47DF-8A1F-D9AA5224B108} = {DA3B4651-999E-440F-AA0F-BD83C842296F}
		{EF27322F-29E7-436E-A37E-D8C857FC9687} = {DA3B4651-999E-440F-AA0F-BD83C842296F}
		{0AD1E47C-F4CF-477E-A3F5-C3AF4B66FB8C} = {DA3B4651-999E-440F-AA0F-BD83C842296F}
		{33076292-419D-4078-A26B-EF08F16DB261} = {352D0F4D-F029-43DF-B011-AA10E5B1BF00}
		{F068987A-A862-46D5-9FE9-EABFF3C4F2FD} = {33076292-419D-4078-A26B-EF08F16DB261}
		{4EAA9D5C-FFD5-4257-8134-8F61B24D9320} = {ADA24A20-3DFA-4DD2-BFBF-37304310E940}
		{81601984-6F25-409B-AB97-B524B6573867} = {352D0F4D-F029-43DF-B011-AA10E5B1BF00}
		{6A354424-8FB8-4D9B-9A37-9DF3A882D675} = {352D0F4D-F029-43DF-B011-AA10E5B1BF00}
		{54634E1E-BD0C-4522-874C-B963CE5B4837} = {81601984-6F25-409B-AB97-B524B6573867}
		{2EA9DB97-9B6E-4816-8020-1D5396725349} = {33076292-419D-4078-A26B-EF08F16DB261}
		{8D8C2D71-AEDD-4D5C-8D2E-26F379C892E4} = {33076292-419D-4078-A26B-EF08F16DB261}
		{BC099A6C-5067-4694-98FC-28FAD7CA2717} = {81601984-6F25-409B-AB97-B524B6573867}
		{715E93C5-64F9-4D8F-9C8B-E08A2C64D85A} = {81601984-6F25-409B-AB97-B524B6573867}
		{122AE8FC-0709-4434-BD94-46A80E90FE07} = {81601984-6F25-409B-AB97-B524B6573867}
		{168099F6-4199-40F8-8535-A61B16711F7E} = {33076292-419D-4078-A26B-EF08F16DB261}
		{CE0435AD-2180-45EE-B2A8-20D2D5134DA7} = {33076292-419D-4078-A26B-EF08F16DB261}
	EndGlobalSection
	GlobalSection(ExtensibilityGlobals) = postSolution
		SolutionGuid = {3160B4CA-1D8D-4252-80AB-7BE7895F6A8F}
	EndGlobalSection
EndGlobal
