
Microsoft Visual Studio Solution File, Format Version 12.00
# Visual Studio Version 17
VisualStudioVersion = 17.0.31912.275
MinimumVisualStudioVersion = 10.0.40219.1
Project("{9A19103F-16F7-4668-BE54-9A1E7A4F7556}") = "Strategies", "Strategies\Strategies.csproj", "{C3E3868B-988B-4AE7-9258-DC14C7D7AF4A}"
EndProject
Project("{FAE04EC0-301F-11D3-BF4B-00C04F79EFBC}") = "Core", "Core\Core.csproj", "{AD452C09-AF8D-4E41-BDD9-60D44D00EE5C}"
EndProject
Global
	GlobalSection(SolutionConfigurationPlatforms) = preSolution
		Debug|Any CPU = Debug|Any CPU
		Release|Any CPU = Release|Any CPU
	EndGlobalSection
	GlobalSection(ProjectConfigurationPlatforms) = postSolution
		{C3E3868B-988B-4AE7-9258-DC14C7D7AF4A}.Debug|Any CPU.ActiveCfg = Debug|Any CPU
		{C3E3868B-988B-4AE7-9258-DC14C7D7AF4A}.Debug|Any CPU.Build.0 = Debug|Any CPU
		{C3E3868B-988B-4AE7-9258-DC14C7D7AF4A}.Release|Any CPU.ActiveCfg = Release|Any CPU
		{C3E3868B-988B-4AE7-9258-DC14C7D7AF4A}.Release|Any CPU.Build.0 = Release|Any CPU
		{AD452C09-AF8D-4E41-BDD9-60D44D00EE5C}.Debug|Any CPU.ActiveCfg = Debug|Any CPU
		{AD452C09-AF8D-4E41-BDD9-60D44D00EE5C}.Debug|Any CPU.Build.0 = Debug|Any CPU
		{AD452C09-AF8D-4E41-BDD9-60D44D00EE5C}.Release|Any CPU.ActiveCfg = Release|Any CPU
		{AD452C09-AF8D-4E41-BDD9-60D44D00EE5C}.Release|Any CPU.Build.0 = Release|Any CPU
	EndGlobalSection
	GlobalSection(SolutionProperties) = preSolution
		HideSolutionNode = FALSE
	EndGlobalSection
	GlobalSection(ExtensibilityGlobals) = postSolution
		SolutionGuid = {3160B4CA-1D8D-4252-80AB-7BE7895F6A8F}
	EndGlobalSection
EndGlobal
